<Solution>
  <Project Path="SerializationApp01/SerializationApp01.csproj" />
  <Project Path="SerializationApp03/SerializationApp03.csproj" />
  <Project Path="SerializationWithHardware031/SerializationWithHardware031.csproj" />
  <Project Path="SerializationWithHardware032/SerializationWithHardware032.csproj" />
</Solution>
